{
    "_readme": [
        "This file locks the dependencies of your project to a known state",
        "Read more about it at https://getcomposer.org/doc/01-basic-usage.md#composer-lock-the-lock-file",
        "This file is @generated automatically"
    ],
    "hash": "389d01d7174d3e712ddd23a2126ee3fd",
    "content-hash": "07e71678f12efa5538fe481af389fe0f",
    "packages": [
        {
            "name": "workerman/workerman",
            "version": "v3.3.6",
            "source": {
                "type": "git",
                "url": "https://github.com/walkor/Workerman.git",
                "reference": "cc02f47bb7bd5f2ce053cf75fcac02565aa729cf"
            },
            "dist": {
                "type": "zip",
                "url": "https://packagist.phpcomposer.com/files/walkor/Workerman/cc02f47bb7bd5f2ce053cf75fcac02565aa729cf.zip",
                "reference": "cc02f47bb7bd5f2ce053cf75fcac02565aa729cf",
                "shasum": ""
            },
            "require": {
                "php": ">=5.3"
            },
            "suggest": {
                "ext-event": "For better performance."
            },
            "type": "library",
            "autoload": {
                "psr-4": {
                    "Workerman\\": "./"
                }
            },
            "notification-url": "https://packagist.org/downloads/",
            "license": [
                "MIT"
            ],
            "authors": [
                {
                    "name": "walkor",
                    "email": "walkor@workerman.net",
                    "homepage": "http://www.workerman.net",
                    "role": "Developer"
                }
            ],
            "description": "An asynchronous event driven PHP framework for easily building fast, scalable network applications.",
            "homepage": "http://www.workerman.net",
            "keywords": [
                "asynchronous",
                "event-loop"
            ],
            "time": "2016-12-22 14:28:34"
        }
    ],
    "packages-dev": [],
    "aliases": [],
    "minimum-stability": "stable",
    "stability-flags": [],
    "prefer-stable": false,
    "prefer-lowest": false,
    "platform": [],
    "platform-dev": []
}
